// !$*UTF8*$!
{
	archiveVersion = 1;
	classes = {
	};
	objectVersion = 56;
	objects = {

/* Begin PBXBuildFile section */
		690AA3B42C9D9A0F001D2EF8 /* HomeViewModel.swift in Sources */ = {isa = PBXBuildFile; fileRef = 690AA3B32C9D9A0F001D2EF8 /* HomeViewModel.swift */; };
		690AA3B72C9FE67E001D2EF8 /* CoinDataService.swift in Sources */ = {isa = PBXBuildFile; fileRef = 690AA3B62C9FE67E001D2EF8 /* CoinDataService.swift */; };
		69119B302CA66E660029ECAE /* PortfolioView.swift in Sources */ = {isa = PBXBuildFile; fileRef = 69119B2F2CA66E660029ECAE /* PortfolioView.swift */; };
		69119B322CA6722E0029ECAE /* XMarkButton.swift in Sources */ = {isa = PBXBuildFile; fileRef = 69119B312CA6722E0029ECAE /* XMarkButton.swift */; };
		691EF4A12C9AA9E00036BAAC /* CoinModel.swift in Sources */ = {isa = PBXBuildFile; fileRef = 691EF4A02C9AA9E00036BAAC /* CoinModel.swift */; };
		691EF4A42C9ABB720036BAAC /* PreviewProvider.swift in Sources */ = {isa = PBXBuildFile; fileRef = 691EF4A32C9ABB720036BAAC /* PreviewProvider.swift */; };
		691EF4A62C9ABF700036BAAC /* CoinRowView.swift in Sources */ = {isa = PBXBuildFile; fileRef = 691EF4A52C9ABF700036BAAC /* CoinRowView.swift */; };
		691EF4A82C9AC04F0036BAAC /* MockData.swift in Sources */ = {isa = PBXBuildFile; fileRef = 691EF4A72C9AC04F0036BAAC /* MockData.swift */; };
		693545022CB5350D00AAFA70 /* HapticManager.swift in Sources */ = {isa = PBXBuildFile; fileRef = 693545012CB5350D00AAFA70 /* HapticManager.swift */; };
		69362B9A2CC253310095C793 /* Date.swift in Sources */ = {isa = PBXBuildFile; fileRef = 69362B992CC253310095C793 /* Date.swift */; };
		697137B72CA69BA2001873D1 /* CoinLogoView.swift in Sources */ = {isa = PBXBuildFile; fileRef = 697137B62CA69BA2001873D1 /* CoinLogoView.swift */; };
		6973A5352CB7A84D0065992A /* CoinDetailModel.swift in Sources */ = {isa = PBXBuildFile; fileRef = 6973A5342CB7A84D0065992A /* CoinDetailModel.swift */; };
		6973A5372CB7ACFC0065992A /* CoinDetailDataService.swift in Sources */ = {isa = PBXBuildFile; fileRef = 6973A5362CB7ACFC0065992A /* CoinDetailDataService.swift */; };
		6973A5392CB7AF110065992A /* DetailViewModel.swift in Sources */ = {isa = PBXBuildFile; fileRef = 6973A5382CB7AF110065992A /* DetailViewModel.swift */; };
		69888FA82CAFD59C003746E6 /* PortfolioContainer.xcdatamodeld in Sources */ = {isa = PBXBuildFile; fileRef = 69888FA62CAFD59C003746E6 /* PortfolioContainer.xcdatamodeld */; };
		69888FAA2CAFD87D003746E6 /* PortfolioDataService.swift in Sources */ = {isa = PBXBuildFile; fileRef = 69888FA92CAFD87D003746E6 /* PortfolioDataService.swift */; };
		698DAAEB2CA2C16D00ACCA8A /* SearchBarView.swift in Sources */ = {isa = PBXBuildFile; fileRef = 698DAAEA2CA2C16D00ACCA8A /* SearchBarView.swift */; };
		698DAAEF2CA2CF7600ACCA8A /* UIApplication.swift in Sources */ = {isa = PBXBuildFile; fileRef = 698DAAEE2CA2CF7600ACCA8A /* UIApplication.swift */; };
		699398832CA10F0600059236 /* NetworkingManager.swift in Sources */ = {isa = PBXBuildFile; fileRef = 699398822CA10F0600059236 /* NetworkingManager.swift */; };
		699398862CA13CAC00059236 /* CoinImageView.swift in Sources */ = {isa = PBXBuildFile; fileRef = 699398852CA13CAC00059236 /* CoinImageView.swift */; };
		699398882CA1432F00059236 /* CoinImageService.swift in Sources */ = {isa = PBXBuildFile; fileRef = 699398872CA1432F00059236 /* CoinImageService.swift */; };
		6993988A2CA144BB00059236 /* CoinImageViewModel.swift in Sources */ = {isa = PBXBuildFile; fileRef = 699398892CA144BB00059236 /* CoinImageViewModel.swift */; };
		69ADE9B92CA27055007C6BDF /* LocalFileManager.swift in Sources */ = {isa = PBXBuildFile; fileRef = 69ADE9B82CA27055007C6BDF /* LocalFileManager.swift */; };
		69B763FC2CA3E832009795D9 /* StatisticModel.swift in Sources */ = {isa = PBXBuildFile; fileRef = 69B763FB2CA3E832009795D9 /* StatisticModel.swift */; };
		69B763FE2CA3EBC5009795D9 /* StatisticView.swift in Sources */ = {isa = PBXBuildFile; fileRef = 69B763FD2CA3EBC5009795D9 /* StatisticView.swift */; };
		69B764002CA3F003009795D9 /* HomeStatisticView.swift in Sources */ = {isa = PBXBuildFile; fileRef = 69B763FF2CA3F003009795D9 /* HomeStatisticView.swift */; };
		69CF31492C99C90400BF5915 /* CircleButtonAnimation.swift in Sources */ = {isa = PBXBuildFile; fileRef = 69CF31482C99C90400BF5915 /* CircleButtonAnimation.swift */; };
		69D52CA22CA55A6200E7233B /* MarketDataModel.swift in Sources */ = {isa = PBXBuildFile; fileRef = 69D52CA12CA55A6200E7233B /* MarketDataModel.swift */; };
		69D52CA42CA584DB00E7233B /* MarketDataService.swift in Sources */ = {isa = PBXBuildFile; fileRef = 69D52CA32CA584DB00E7233B /* MarketDataService.swift */; };
		69D84EE72C9C385B00D71EF0 /* Double.swift in Sources */ = {isa = PBXBuildFile; fileRef = 69D84EE62C9C385B00D71EF0 /* Double.swift */; };
		69DA64F82CB90F65003B549C /* ChartView.swift in Sources */ = {isa = PBXBuildFile; fileRef = 69DA64F72CB90F65003B549C /* ChartView.swift */; };
		69F146A82CB669130039BBA2 /* DetailView.swift in Sources */ = {isa = PBXBuildFile; fileRef = 69F146A72CB669130039BBA2 /* DetailView.swift */; };
		69F944892C999E8E00BED3AA /* CryptoTrackerApp.swift in Sources */ = {isa = PBXBuildFile; fileRef = 69F944882C999E8E00BED3AA /* CryptoTrackerApp.swift */; };
		69F9448B2C999E8E00BED3AA /* ContentView.swift in Sources */ = {isa = PBXBuildFile; fileRef = 69F9448A2C999E8E00BED3AA /* ContentView.swift */; };
		69F9448D2C999E9100BED3AA /* Assets.xcassets in Resources */ = {isa = PBXBuildFile; fileRef = 69F9448C2C999E9100BED3AA /* Assets.xcassets */; };
		69F944902C999E9100BED3AA /* Preview Assets.xcassets in Resources */ = {isa = PBXBuildFile; fileRef = 69F9448F2C999E9100BED3AA /* Preview Assets.xcassets */; };
		69F944982C99A2D100BED3AA /* Color.swift in Sources */ = {isa = PBXBuildFile; fileRef = 69F944972C99A2D100BED3AA /* Color.swift */; };
		69F9449E2C99AA9400BED3AA /* HomeView.swift in Sources */ = {isa = PBXBuildFile; fileRef = 69F9449D2C99AA9400BED3AA /* HomeView.swift */; };
		69F944A22C99AC1C00BED3AA /* CircleButtonView.swift in Sources */ = {isa = PBXBuildFile; fileRef = 69F944A12C99AC1C00BED3AA /* CircleButtonView.swift */; };
/* End PBXBuildFile section */

/* Begin PBXFileReference section */
		690AA3B32C9D9A0F001D2EF8 /* HomeViewModel.swift */ = {isa = PBXFileReference; lastKnownFileType = sourcecode.swift; path = HomeViewModel.swift; sourceTree = "<group>"; };
		690AA3B62C9FE67E001D2EF8 /* CoinDataService.swift */ = {isa = PBXFileReference; lastKnownFileType = sourcecode.swift; path = CoinDataService.swift; sourceTree = "<group>"; };
		69119B2F2CA66E660029ECAE /* PortfolioView.swift */ = {isa = PBXFileReference; lastKnownFileType = sourcecode.swift; path = PortfolioView.swift; sourceTree = "<group>"; };
		69119B312CA6722E0029ECAE /* XMarkButton.swift */ = {isa = PBXFileReference; lastKnownFileType = sourcecode.swift; path = XMarkButton.swift; sourceTree = "<group>"; };
		691EF4A02C9AA9E00036BAAC /* CoinModel.swift */ = {isa = PBXFileReference; lastKnownFileType = sourcecode.swift; path = CoinModel.swift; sourceTree = "<group>"; };
		691EF4A32C9ABB720036BAAC /* PreviewProvider.swift */ = {isa = PBXFileReference; lastKnownFileType = sourcecode.swift; path = PreviewProvider.swift; sourceTree = "<group>"; };
		691EF4A52C9ABF700036BAAC /* CoinRowView.swift */ = {isa = PBXFileReference; lastKnownFileType = sourcecode.swift; path = CoinRowView.swift; sourceTree = "<group>"; };
		691EF4A72C9AC04F0036BAAC /* MockData.swift */ = {isa = PBXFileReference; lastKnownFileType = sourcecode.swift; path = MockData.swift; sourceTree = "<group>"; };
		693545012CB5350D00AAFA70 /* HapticManager.swift */ = {isa = PBXFileReference; lastKnownFileType = sourcecode.swift; path = HapticManager.swift; sourceTree = "<group>"; };
		69362B992CC253310095C793 /* Date.swift */ = {isa = PBXFileReference; lastKnownFileType = sourcecode.swift; path = Date.swift; sourceTree = "<group>"; };
		697137B62CA69BA2001873D1 /* CoinLogoView.swift */ = {isa = PBXFileReference; lastKnownFileType = sourcecode.swift; path = CoinLogoView.swift; sourceTree = "<group>"; };
		6973A5342CB7A84D0065992A /* CoinDetailModel.swift */ = {isa = PBXFileReference; lastKnownFileType = sourcecode.swift; path = CoinDetailModel.swift; sourceTree = "<group>"; };
		6973A5362CB7ACFC0065992A /* CoinDetailDataService.swift */ = {isa = PBXFileReference; lastKnownFileType = sourcecode.swift; path = CoinDetailDataService.swift; sourceTree = "<group>"; };
		6973A5382CB7AF110065992A /* DetailViewModel.swift */ = {isa = PBXFileReference; lastKnownFileType = sourcecode.swift; path = DetailViewModel.swift; sourceTree = "<group>"; };
		69888FA72CAFD59C003746E6 /* PortfolioContainer.xcdatamodel */ = {isa = PBXFileReference; lastKnownFileType = wrapper.xcdatamodel; path = PortfolioContainer.xcdatamodel; sourceTree = "<group>"; };
		69888FA92CAFD87D003746E6 /* PortfolioDataService.swift */ = {isa = PBXFileReference; lastKnownFileType = sourcecode.swift; path = PortfolioDataService.swift; sourceTree = "<group>"; };
		698DAAEA2CA2C16D00ACCA8A /* SearchBarView.swift */ = {isa = PBXFileReference; lastKnownFileType = sourcecode.swift; path = SearchBarView.swift; sourceTree = "<group>"; };
		698DAAEE2CA2CF7600ACCA8A /* UIApplication.swift */ = {isa = PBXFileReference; lastKnownFileType = sourcecode.swift; path = UIApplication.swift; sourceTree = "<group>"; };
		699398822CA10F0600059236 /* NetworkingManager.swift */ = {isa = PBXFileReference; lastKnownFileType = sourcecode.swift; path = NetworkingManager.swift; sourceTree = "<group>"; };
		699398852CA13CAC00059236 /* CoinImageView.swift */ = {isa = PBXFileReference; lastKnownFileType = sourcecode.swift; path = CoinImageView.swift; sourceTree = "<group>"; };
		699398872CA1432F00059236 /* CoinImageService.swift */ = {isa = PBXFileReference; lastKnownFileType = sourcecode.swift; path = CoinImageService.swift; sourceTree = "<group>"; };
		699398892CA144BB00059236 /* CoinImageViewModel.swift */ = {isa = PBXFileReference; lastKnownFileType = sourcecode.swift; path = CoinImageViewModel.swift; sourceTree = "<group>"; };
		69ADE9B82CA27055007C6BDF /* LocalFileManager.swift */ = {isa = PBXFileReference; lastKnownFileType = sourcecode.swift; path = LocalFileManager.swift; sourceTree = "<group>"; };
		69B763FB2CA3E832009795D9 /* StatisticModel.swift */ = {isa = PBXFileReference; lastKnownFileType = sourcecode.swift; path = StatisticModel.swift; sourceTree = "<group>"; };
		69B763FD2CA3EBC5009795D9 /* StatisticView.swift */ = {isa = PBXFileReference; lastKnownFileType = sourcecode.swift; path = StatisticView.swift; sourceTree = "<group>"; };
		69B763FF2CA3F003009795D9 /* HomeStatisticView.swift */ = {isa = PBXFileReference; lastKnownFileType = sourcecode.swift; path = HomeStatisticView.swift; sourceTree = "<group>"; };
		69CF31482C99C90400BF5915 /* CircleButtonAnimation.swift */ = {isa = PBXFileReference; lastKnownFileType = sourcecode.swift; path = CircleButtonAnimation.swift; sourceTree = "<group>"; };
		69D52CA12CA55A6200E7233B /* MarketDataModel.swift */ = {isa = PBXFileReference; lastKnownFileType = sourcecode.swift; path = MarketDataModel.swift; sourceTree = "<group>"; };
		69D52CA32CA584DB00E7233B /* MarketDataService.swift */ = {isa = PBXFileReference; lastKnownFileType = sourcecode.swift; path = MarketDataService.swift; sourceTree = "<group>"; };
		69D84EE62C9C385B00D71EF0 /* Double.swift */ = {isa = PBXFileReference; lastKnownFileType = sourcecode.swift; path = Double.swift; sourceTree = "<group>"; };
		69DA64F72CB90F65003B549C /* ChartView.swift */ = {isa = PBXFileReference; lastKnownFileType = sourcecode.swift; path = ChartView.swift; sourceTree = "<group>"; };
		69F146A72CB669130039BBA2 /* DetailView.swift */ = {isa = PBXFileReference; lastKnownFileType = sourcecode.swift; path = DetailView.swift; sourceTree = "<group>"; };
		69F944852C999E8E00BED3AA /* CryptoTracker.app */ = {isa = PBXFileReference; explicitFileType = wrapper.application; includeInIndex = 0; path = CryptoTracker.app; sourceTree = BUILT_PRODUCTS_DIR; };
		69F944882C999E8E00BED3AA /* CryptoTrackerApp.swift */ = {isa = PBXFileReference; lastKnownFileType = sourcecode.swift; path = CryptoTrackerApp.swift; sourceTree = "<group>"; };
		69F9448A2C999E8E00BED3AA /* ContentView.swift */ = {isa = PBXFileReference; lastKnownFileType = sourcecode.swift; path = ContentView.swift; sourceTree = "<group>"; };
		69F9448C2C999E9100BED3AA /* Assets.xcassets */ = {isa = PBXFileReference; lastKnownFileType = folder.assetcatalog; path = Assets.xcassets; sourceTree = "<group>"; };
		69F9448F2C999E9100BED3AA /* Preview Assets.xcassets */ = {isa = PBXFileReference; lastKnownFileType = folder.assetcatalog; path = "Preview Assets.xcassets"; sourceTree = "<group>"; };
		69F944972C99A2D100BED3AA /* Color.swift */ = {isa = PBXFileReference; lastKnownFileType = sourcecode.swift; path = Color.swift; sourceTree = "<group>"; };
		69F9449D2C99AA9400BED3AA /* HomeView.swift */ = {isa = PBXFileReference; lastKnownFileType = sourcecode.swift; path = HomeView.swift; sourceTree = "<group>"; };
		69F944A12C99AC1C00BED3AA /* CircleButtonView.swift */ = {isa = PBXFileReference; lastKnownFileType = sourcecode.swift; path = CircleButtonView.swift; sourceTree = "<group>"; };
/* End PBXFileReference section */

/* Begin PBXFrameworksBuildPhase section */
		69F944822C999E8E00BED3AA /* Frameworks */ = {
			isa = PBXFrameworksBuildPhase;
			buildActionMask = 2147483647;
			files = (
			);
			runOnlyForDeploymentPostprocessing = 0;
		};
/* End PBXFrameworksBuildPhase section */

/* Begin PBXGroup section */
		690AA3B52C9FE669001D2EF8 /* Services */ = {
			isa = PBXGroup;
			children = (
				690AA3B62C9FE67E001D2EF8 /* CoinDataService.swift */,
				6973A5362CB7ACFC0065992A /* CoinDetailDataService.swift */,
				699398872CA1432F00059236 /* CoinImageService.swift */,
				69D52CA32CA584DB00E7233B /* MarketDataService.swift */,
				69888FA92CAFD87D003746E6 /* PortfolioDataService.swift */,
			);
			path = Services;
			sourceTree = "<group>";
		};
		691EF4A22C9AA9F20036BAAC /* Models */ = {
			isa = PBXGroup;
			children = (
				691EF4A02C9AA9E00036BAAC /* CoinModel.swift */,
				691EF4A72C9AC04F0036BAAC /* MockData.swift */,
				69B763FB2CA3E832009795D9 /* StatisticModel.swift */,
				69D52CA12CA55A6200E7233B /* MarketDataModel.swift */,
				69888FA62CAFD59C003746E6 /* PortfolioContainer.xcdatamodeld */,
				6973A5342CB7A84D0065992A /* CoinDetailModel.swift */,
			);
			path = Models;
			sourceTree = "<group>";
		};
		699398812CA10EFC00059236 /* Utilities */ = {
			isa = PBXGroup;
			children = (
				699398822CA10F0600059236 /* NetworkingManager.swift */,
				69ADE9B82CA27055007C6BDF /* LocalFileManager.swift */,
				693545012CB5350D00AAFA70 /* HapticManager.swift */,
			);
			path = Utilities;
			sourceTree = "<group>";
		};
		699398842CA13C8900059236 /* CoinImage */ = {
			isa = PBXGroup;
			children = (
				699398852CA13CAC00059236 /* CoinImageView.swift */,
				699398892CA144BB00059236 /* CoinImageViewModel.swift */,
				697137B62CA69BA2001873D1 /* CoinLogoView.swift */,
			);
			path = CoinImage;
			sourceTree = "<group>";
		};
		69F146A42CB6689B0039BBA2 /* Detail */ = {
			isa = PBXGroup;
			children = (
				69F146A62CB668AB0039BBA2 /* ViewModel */,
				69F146A52CB668A60039BBA2 /* View */,
			);
			path = Detail;
			sourceTree = "<group>";
		};
		69F146A52CB668A60039BBA2 /* View */ = {
			isa = PBXGroup;
			children = (
				69F146A72CB669130039BBA2 /* DetailView.swift */,
				69DA64F72CB90F65003B549C /* ChartView.swift */,
			);
			path = View;
			sourceTree = "<group>";
		};
		69F146A62CB668AB0039BBA2 /* ViewModel */ = {
			isa = PBXGroup;
			children = (
				6973A5382CB7AF110065992A /* DetailViewModel.swift */,
			);
			path = ViewModel;
			sourceTree = "<group>";
		};
		69F9447C2C999E8E00BED3AA = {
			isa = PBXGroup;
			children = (
				69F944872C999E8E00BED3AA /* CryptoTracker */,
				69F944862C999E8E00BED3AA /* Products */,
			);
			sourceTree = "<group>";
		};
		69F944862C999E8E00BED3AA /* Products */ = {
			isa = PBXGroup;
			children = (
				69F944852C999E8E00BED3AA /* CryptoTracker.app */,
			);
			name = Products;
			sourceTree = "<group>";
		};
		69F944872C999E8E00BED3AA /* CryptoTracker */ = {
			isa = PBXGroup;
			children = (
				699398812CA10EFC00059236 /* Utilities */,
				690AA3B52C9FE669001D2EF8 /* Services */,
				69F944962C99A2B200BED3AA /* Extensions */,
				691EF4A22C9AA9F20036BAAC /* Models */,
				69F944992C99AA6000BED3AA /* Core */,
				69F944882C999E8E00BED3AA /* CryptoTrackerApp.swift */,
				69F9448A2C999E8E00BED3AA /* ContentView.swift */,
				69F9448C2C999E9100BED3AA /* Assets.xcassets */,
				69F9448E2C999E9100BED3AA /* Preview Content */,
			);
			path = CryptoTracker;
			sourceTree = "<group>";
		};
		69F9448E2C999E9100BED3AA /* Preview Content */ = {
			isa = PBXGroup;
			children = (
				69F9448F2C999E9100BED3AA /* Preview Assets.xcassets */,
			);
			path = "Preview Content";
			sourceTree = "<group>";
		};
		69F944962C99A2B200BED3AA /* Extensions */ = {
			isa = PBXGroup;
			children = (
				69F944972C99A2D100BED3AA /* Color.swift */,
				691EF4A32C9ABB720036BAAC /* PreviewProvider.swift */,
				69D84EE62C9C385B00D71EF0 /* Double.swift */,
				698DAAEE2CA2CF7600ACCA8A /* UIApplication.swift */,
				69362B992CC253310095C793 /* Date.swift */,
			);
			path = Extensions;
			sourceTree = "<group>";
		};
		69F944992C99AA6000BED3AA /* Core */ = {
			isa = PBXGroup;
			children = (
				69F146A42CB6689B0039BBA2 /* Detail */,
				69F9449F2C99AC0200BED3AA /* Components */,
				69F9449A2C99AA6500BED3AA /* Home */,
			);
			path = Core;
			sourceTree = "<group>";
		};
		69F9449A2C99AA6500BED3AA /* Home */ = {
			isa = PBXGroup;
			children = (
				69F9449C2C99AA7200BED3AA /* View */,
				69F9449B2C99AA6B00BED3AA /* ViewModel */,
			);
			path = Home;
			sourceTree = "<group>";
		};
		69F9449B2C99AA6B00BED3AA /* ViewModel */ = {
			isa = PBXGroup;
			children = (
				690AA3B32C9D9A0F001D2EF8 /* HomeViewModel.swift */,
			);
			path = ViewModel;
			sourceTree = "<group>";
		};
		69F9449C2C99AA7200BED3AA /* View */ = {
			isa = PBXGroup;
			children = (
				69F9449D2C99AA9400BED3AA /* HomeView.swift */,
				691EF4A52C9ABF700036BAAC /* CoinRowView.swift */,
				69B763FF2CA3F003009795D9 /* HomeStatisticView.swift */,
				69119B2F2CA66E660029ECAE /* PortfolioView.swift */,
			);
			path = View;
			sourceTree = "<group>";
		};
		69F9449F2C99AC0200BED3AA /* Components */ = {
			isa = PBXGroup;
			children = (
				699398842CA13C8900059236 /* CoinImage */,
				69F944A02C99AC0A00BED3AA /* CircleButton */,
				698DAAEA2CA2C16D00ACCA8A /* SearchBarView.swift */,
				69B763FD2CA3EBC5009795D9 /* StatisticView.swift */,
				69119B312CA6722E0029ECAE /* XMarkButton.swift */,
			);
			path = Components;
			sourceTree = "<group>";
		};
		69F944A02C99AC0A00BED3AA /* CircleButton */ = {
			isa = PBXGroup;
			children = (
				69F944A12C99AC1C00BED3AA /* CircleButtonView.swift */,
				69CF31482C99C90400BF5915 /* CircleButtonAnimation.swift */,
			);
			path = CircleButton;
			sourceTree = "<group>";
		};
/* End PBXGroup section */

/* Begin PBXNativeTarget section */
		69F944842C999E8E00BED3AA /* CryptoTracker */ = {
			isa = PBXNativeTarget;
			buildConfigurationList = 69F944932C999E9100BED3AA /* Build configuration list for PBXNativeTarget "CryptoTracker" */;
			buildPhases = (
				69F944812C999E8E00BED3AA /* Sources */,
				69F944822C999E8E00BED3AA /* Frameworks */,
				69F944832C999E8E00BED3AA /* Resources */,
			);
			buildRules = (
			);
			dependencies = (
			);
			name = CryptoTracker;
			productName = CryptoTracker;
			productReference = 69F944852C999E8E00BED3AA /* CryptoTracker.app */;
			productType = "com.apple.product-type.application";
		};
/* End PBXNativeTarget section */

/* Begin PBXProject section */
		69F9447D2C999E8E00BED3AA /* Project object */ = {
			isa = PBXProject;
			attributes = {
				BuildIndependentTargetsInParallel = 1;
				LastSwiftUpdateCheck = 1530;
				LastUpgradeCheck = 1530;
				TargetAttributes = {
					69F944842C999E8E00BED3AA = {
						CreatedOnToolsVersion = 15.3;
					};
				};
			};
			buildConfigurationList = 69F944802C999E8E00BED3AA /* Build configuration list for PBXProject "CryptoTracker" */;
			compatibilityVersion = "Xcode 14.0";
			developmentRegion = en;
			hasScannedForEncodings = 0;
			knownRegions = (
				en,
				Base,
			);
			mainGroup = 69F9447C2C999E8E00BED3AA;
			productRefGroup = 69F944862C999E8E00BED3AA /* Products */;
			projectDirPath = "";
			projectRoot = "";
			targets = (
				69F944842C999E8E00BED3AA /* CryptoTracker */,
			);
		};
/* End PBXProject section */

/* Begin PBXResourcesBuildPhase section */
		69F944832C999E8E00BED3AA /* Resources */ = {
			isa = PBXResourcesBuildPhase;
			buildActionMask = 2147483647;
			files = (
				69F944902C999E9100BED3AA /* Preview Assets.xcassets in Resources */,
				69F9448D2C999E9100BED3AA /* Assets.xcassets in Resources */,
			);
			runOnlyForDeploymentPostprocessing = 0;
		};
/* End PBXResourcesBuildPhase section */

/* Begin PBXSourcesBuildPhase section */
		69F944812C999E8E00BED3AA /* Sources */ = {
			isa = PBXSourcesBuildPhase;
			buildActionMask = 2147483647;
			files = (
				691EF4A62C9ABF700036BAAC /* CoinRowView.swift in Sources */,
				69B763FC2CA3E832009795D9 /* StatisticModel.swift in Sources */,
				69362B9A2CC253310095C793 /* Date.swift in Sources */,
				69F9448B2C999E8E00BED3AA /* ContentView.swift in Sources */,
				69F9449E2C99AA9400BED3AA /* HomeView.swift in Sources */,
				69F944892C999E8E00BED3AA /* CryptoTrackerApp.swift in Sources */,
				69D52CA42CA584DB00E7233B /* MarketDataService.swift in Sources */,
				697137B72CA69BA2001873D1 /* CoinLogoView.swift in Sources */,
				6973A5352CB7A84D0065992A /* CoinDetailModel.swift in Sources */,
				69F944A22C99AC1C00BED3AA /* CircleButtonView.swift in Sources */,
				690AA3B72C9FE67E001D2EF8 /* CoinDataService.swift in Sources */,
				69D52CA22CA55A6200E7233B /* MarketDataModel.swift in Sources */,
				69888FAA2CAFD87D003746E6 /* PortfolioDataService.swift in Sources */,
				69CF31492C99C90400BF5915 /* CircleButtonAnimation.swift in Sources */,
				691EF4A42C9ABB720036BAAC /* PreviewProvider.swift in Sources */,
				69B763FE2CA3EBC5009795D9 /* StatisticView.swift in Sources */,
				698DAAEF2CA2CF7600ACCA8A /* UIApplication.swift in Sources */,
				6993988A2CA144BB00059236 /* CoinImageViewModel.swift in Sources */,
				69119B322CA6722E0029ECAE /* XMarkButton.swift in Sources */,
				690AA3B42C9D9A0F001D2EF8 /* HomeViewModel.swift in Sources */,
				69B764002CA3F003009795D9 /* HomeStatisticView.swift in Sources */,
				69F944982C99A2D100BED3AA /* Color.swift in Sources */,
				69ADE9B92CA27055007C6BDF /* LocalFileManager.swift in Sources */,
				698DAAEB2CA2C16D00ACCA8A /* SearchBarView.swift in Sources */,
				69DA64F82CB90F65003B549C /* ChartView.swift in Sources */,
				6973A5392CB7AF110065992A /* DetailViewModel.swift in Sources */,
				691EF4A12C9AA9E00036BAAC /* CoinModel.swift in Sources */,
				69888FA82CAFD59C003746E6 /* PortfolioContainer.xcdatamodeld in Sources */,
				699398862CA13CAC00059236 /* CoinImageView.swift in Sources */,
				69F146A82CB669130039BBA2 /* DetailView.swift in Sources */,
				69D84EE72C9C385B00D71EF0 /* Double.swift in Sources */,
				691EF4A82C9AC04F0036BAAC /* MockData.swift in Sources */,
				699398882CA1432F00059236 /* CoinImageService.swift in Sources */,
				699398832CA10F0600059236 /* NetworkingManager.swift in Sources */,
				6973A5372CB7ACFC0065992A /* CoinDetailDataService.swift in Sources */,
				693545022CB5350D00AAFA70 /* HapticManager.swift in Sources */,
				69119B302CA66E660029ECAE /* PortfolioView.swift in Sources */,
			);
			runOnlyForDeploymentPostprocessing = 0;
		};
/* End PBXSourcesBuildPhase section */

/* Begin XCBuildConfiguration section */
		69F944912C999E9100BED3AA /* Debug */ = {
			isa = XCBuildConfiguration;
			buildSettings = {
				ALWAYS_SEARCH_USER_PATHS = NO;
				ASSETCATALOG_COMPILER_GENERATE_SWIFT_ASSET_SYMBOL_EXTENSIONS = YES;
				CLANG_ANALYZER_NONNULL = YES;
				CLANG_ANALYZER_NUMBER_OBJECT_CONVERSION = YES_AGGRESSIVE;
				CLANG_CXX_LANGUAGE_STANDARD = "gnu++20";
				CLANG_ENABLE_MODULES = YES;
				CLANG_ENABLE_OBJC_ARC = YES;
				CLANG_ENABLE_OBJC_WEAK = YES;
				CLANG_WARN_BLOCK_CAPTURE_AUTORELEASING = YES;
				CLANG_WARN_BOOL_CONVERSION = YES;
				CLANG_WARN_COMMA = YES;
				CLANG_WARN_CONSTANT_CONVERSION = YES;
				CLANG_WARN_DEPRECATED_OBJC_IMPLEMENTATIONS = YES;
				CLANG_WARN_DIRECT_OBJC_ISA_USAGE = YES_ERROR;
				CLANG_WARN_DOCUMENTATION_COMMENTS = YES;
				CLANG_WARN_EMPTY_BODY = YES;
				CLANG_WARN_ENUM_CONVERSION = YES;
				CLANG_WARN_INFINITE_RECURSION = YES;
				CLANG_WARN_INT_CONVERSION = YES;
				CLANG_WARN_NON_LITERAL_NULL_CONVERSION = YES;
				CLANG_WARN_OBJC_IMPLICIT_RETAIN_SELF = YES;
				CLANG_WARN_OBJC_LITERAL_CONVERSION = YES;
				CLANG_WARN_OBJC_ROOT_CLASS = YES_ERROR;
				CLANG_WARN_QUOTED_INCLUDE_IN_FRAMEWORK_HEADER = YES;
				CLANG_WARN_RANGE_LOOP_ANALYSIS = YES;
				CLANG_WARN_STRICT_PROTOTYPES = YES;
				CLANG_WARN_SUSPICIOUS_MOVE = YES;
				CLANG_WARN_UNGUARDED_AVAILABILITY = YES_AGGRESSIVE;
				CLANG_WARN_UNREACHABLE_CODE = YES;
				CLANG_WARN__DUPLICATE_METHOD_MATCH = YES;
				COPY_PHASE_STRIP = NO;
				DEBUG_INFORMATION_FORMAT = dwarf;
				ENABLE_STRICT_OBJC_MSGSEND = YES;
				ENABLE_TESTABILITY = YES;
				ENABLE_USER_SCRIPT_SANDBOXING = YES;
				GCC_C_LANGUAGE_STANDARD = gnu17;
				GCC_DYNAMIC_NO_PIC = NO;
				GCC_NO_COMMON_BLOCKS = YES;
				GCC_OPTIMIZATION_LEVEL = 0;
				GCC_PREPROCESSOR_DEFINITIONS = (
					"DEBUG=1",
					"$(inherited)",
				);
				GCC_WARN_64_TO_32_BIT_CONVERSION = YES;
				GCC_WARN_ABOUT_RETURN_TYPE = YES_ERROR;
				GCC_WARN_UNDECLARED_SELECTOR = YES;
				GCC_WARN_UNINITIALIZED_AUTOS = YES_AGGRESSIVE;
				GCC_WARN_UNUSED_FUNCTION = YES;
				GCC_WARN_UNUSED_VARIABLE = YES;
				IPHONEOS_DEPLOYMENT_TARGET = 17.4;
				LOCALIZATION_PREFERS_STRING_CATALOGS = YES;
				MTL_ENABLE_DEBUG_INFO = INCLUDE_SOURCE;
				MTL_FAST_MATH = YES;
				ONLY_ACTIVE_ARCH = YES;
				SDKROOT = iphoneos;
				SWIFT_ACTIVE_COMPILATION_CONDITIONS = "DEBUG $(inherited)";
				SWIFT_OPTIMIZATION_LEVEL = "-Onone";
			};
			name = Debug;
		};
		69F944922C999E9100BED3AA /* Release */ = {
			isa = XCBuildConfiguration;
			buildSettings = {
				ALWAYS_SEARCH_USER_PATHS = NO;
				ASSETCATALOG_COMPILER_GENERATE_SWIFT_ASSET_SYMBOL_EXTENSIONS = YES;
				CLANG_ANALYZER_NONNULL = YES;
				CLANG_ANALYZER_NUMBER_OBJECT_CONVERSION = YES_AGGRESSIVE;
				CLANG_CXX_LANGUAGE_STANDARD = "gnu++20";
				CLANG_ENABLE_MODULES = YES;
				CLANG_ENABLE_OBJC_ARC = YES;
				CLANG_ENABLE_OBJC_WEAK = YES;
				CLANG_WARN_BLOCK_CAPTURE_AUTORELEASING = YES;
				CLANG_WARN_BOOL_CONVERSION = YES;
				CLANG_WARN_COMMA = YES;
				CLANG_WARN_CONSTANT_CONVERSION = YES;
				CLANG_WARN_DEPRECATED_OBJC_IMPLEMENTATIONS = YES;
				CLANG_WARN_DIRECT_OBJC_ISA_USAGE = YES_ERROR;
				CLANG_WARN_DOCUMENTATION_COMMENTS = YES;
				CLANG_WARN_EMPTY_BODY = YES;
				CLANG_WARN_ENUM_CONVERSION = YES;
				CLANG_WARN_INFINITE_RECURSION = YES;
				CLANG_WARN_INT_CONVERSION = YES;
				CLANG_WARN_NON_LITERAL_NULL_CONVERSION = YES;
				CLANG_WARN_OBJC_IMPLICIT_RETAIN_SELF = YES;
				CLANG_WARN_OBJC_LITERAL_CONVERSION = YES;
				CLANG_WARN_OBJC_ROOT_CLASS = YES_ERROR;
				CLANG_WARN_QUOTED_INCLUDE_IN_FRAMEWORK_HEADER = YES;
				CLANG_WARN_RANGE_LOOP_ANALYSIS = YES;
				CLANG_WARN_STRICT_PROTOTYPES = YES;
				CLANG_WARN_SUSPICIOUS_MOVE = YES;
				CLANG_WARN_UNGUARDED_AVAILABILITY = YES_AGGRESSIVE;
				CLANG_WARN_UNREACHABLE_CODE = YES;
				CLANG_WARN__DUPLICATE_METHOD_MATCH = YES;
				COPY_PHASE_STRIP = NO;
				DEBUG_INFORMATION_FORMAT = "dwarf-with-dsym";
				ENABLE_NS_ASSERTIONS = NO;
				ENABLE_STRICT_OBJC_MSGSEND = YES;
				ENABLE_USER_SCRIPT_SANDBOXING = YES;
				GCC_C_LANGUAGE_STANDARD = gnu17;
				GCC_NO_COMMON_BLOCKS = YES;
				GCC_WARN_64_TO_32_BIT_CONVERSION = YES;
				GCC_WARN_ABOUT_RETURN_TYPE = YES_ERROR;
				GCC_WARN_UNDECLARED_SELECTOR = YES;
				GCC_WARN_UNINITIALIZED_AUTOS = YES_AGGRESSIVE;
				GCC_WARN_UNUSED_FUNCTION = YES;
				GCC_WARN_UNUSED_VARIABLE = YES;
				IPHONEOS_DEPLOYMENT_TARGET = 17.4;
				LOCALIZATION_PREFERS_STRING_CATALOGS = YES;
				MTL_ENABLE_DEBUG_INFO = NO;
				MTL_FAST_MATH = YES;
				SDKROOT = iphoneos;
				SWIFT_COMPILATION_MODE = wholemodule;
				VALIDATE_PRODUCT = YES;
			};
			name = Release;
		};
		69F944942C999E9100BED3AA /* Debug */ = {
			isa = XCBuildConfiguration;
			buildSettings = {
				ASSETCATALOG_COMPILER_APPICON_NAME = AppIcon;
				ASSETCATALOG_COMPILER_GLOBAL_ACCENT_COLOR_NAME = AccentColor;
				CODE_SIGN_STYLE = Automatic;
				CURRENT_PROJECT_VERSION = 1;
				DEVELOPMENT_ASSET_PATHS = "\"CryptoTracker/Preview Content\"";
				DEVELOPMENT_TEAM = QCWGH359QH;
				ENABLE_PREVIEWS = YES;
				GENERATE_INFOPLIST_FILE = YES;
				INFOPLIST_KEY_UIApplicationSceneManifest_Generation = YES;
				INFOPLIST_KEY_UIApplicationSupportsIndirectInputEvents = YES;
				INFOPLIST_KEY_UILaunchScreen_Generation = YES;
				INFOPLIST_KEY_UISupportedInterfaceOrientations_iPad = "UIInterfaceOrientationPortrait UIInterfaceOrientationPortraitUpsideDown UIInterfaceOrientationLandscapeLeft UIInterfaceOrientationLandscapeRight";
				INFOPLIST_KEY_UISupportedInterfaceOrientations_iPhone = "UIInterfaceOrientationPortrait UIInterfaceOrientationLandscapeLeft UIInterfaceOrientationLandscapeRight";
				LD_RUNPATH_SEARCH_PATHS = (
					"$(inherited)",
					"@executable_path/Frameworks",
				);
				MARKETING_VERSION = 1.0;
				PRODUCT_BUNDLE_IDENTIFIER = com.arkarmin.dev.CryptoTracker;
				PRODUCT_NAME = "$(TARGET_NAME)";
				SWIFT_EMIT_LOC_STRINGS = YES;
				SWIFT_VERSION = 5.0;
				TARGETED_DEVICE_FAMILY = "1,2";
			};
			name = Debug;
		};
		69F944952C999E9100BED3AA /* Release */ = {
			isa = XCBuildConfiguration;
			buildSettings = {
				ASSETCATALOG_COMPILER_APPICON_NAME = AppIcon;
				ASSETCATALOG_COMPILER_GLOBAL_ACCENT_COLOR_NAME = AccentColor;
				CODE_SIGN_STYLE = Automatic;
				CURRENT_PROJECT_VERSION = 1;
				DEVELOPMENT_ASSET_PATHS = "\"CryptoTracker/Preview Content\"";
				DEVELOPMENT_TEAM = QCWGH359QH;
				ENABLE_PREVIEWS = YES;
				GENERATE_INFOPLIST_FILE = YES;
				INFOPLIST_KEY_UIApplicationSceneManifest_Generation = YES;
				INFOPLIST_KEY_UIApplicationSupportsIndirectInputEvents = YES;
				INFOPLIST_KEY_UILaunchScreen_Generation = YES;
				INFOPLIST_KEY_UISupportedInterfaceOrientations_iPad = "UIInterfaceOrientationPortrait UIInterfaceOrientationPortraitUpsideDown UIInterfaceOrientationLandscapeLeft UIInterfaceOrientationLandscapeRight";
				INFOPLIST_KEY_UISupportedInterfaceOrientations_iPhone = "UIInterfaceOrientationPortrait UIInterfaceOrientationLandscapeLeft UIInterfaceOrientationLandscapeRight";
				LD_RUNPATH_SEARCH_PATHS = (
					"$(inherited)",
					"@executable_path/Frameworks",
				);
				MARKETING_VERSION = 1.0;
				PRODUCT_BUNDLE_IDENTIFIER = com.arkarmin.dev.CryptoTracker;
				PRODUCT_NAME = "$(TARGET_NAME)";
				SWIFT_EMIT_LOC_STRINGS = YES;
				SWIFT_VERSION = 5.0;
				TARGETED_DEVICE_FAMILY = "1,2";
			};
			name = Release;
		};
/* End XCBuildConfiguration section */

/* Begin XCConfigurationList section */
		69F944802C999E8E00BED3AA /* Build configuration list for PBXProject "CryptoTracker" */ = {
			isa = XCConfigurationList;
			buildConfigurations = (
				69F944912C999E9100BED3AA /* Debug */,
				69F944922C999E9100BED3AA /* Release */,
			);
			defaultConfigurationIsVisible = 0;
			defaultConfigurationName = Release;
		};
		69F944932C999E9100BED3AA /* Build configuration list for PBXNativeTarget "CryptoTracker" */ = {
			isa = XCConfigurationList;
			buildConfigurations = (
				69F944942C999E9100BED3AA /* Debug */,
				69F944952C999E9100BED3AA /* Release */,
			);
			defaultConfigurationIsVisible = 0;
			defaultConfigurationName = Release;
		};
/* End XCConfigurationList section */

/* Begin XCVersionGroup section */
		69888FA62CAFD59C003746E6 /* PortfolioContainer.xcdatamodeld */ = {
			isa = XCVersionGroup;
			children = (
				69888FA72CAFD59C003746E6 /* PortfolioContainer.xcdatamodel */,
			);
			currentVersion = 69888FA72CAFD59C003746E6 /* PortfolioContainer.xcdatamodel */;
			path = PortfolioContainer.xcdatamodeld;
			sourceTree = "<group>";
			versionGroupType = wrapper.xcdatamodel;
		};
/* End XCVersionGroup section */
	};
	rootObject = 69F9447D2C999E8E00BED3AA /* Project object */;
}
